# THIS IS AN AUTOGENERATED FILE. DO NOT EDIT THIS FILE DIRECTLY.
# yarn lockfile v1


bitrate@^1.0.4:
  version "1.0.4"
  resolved "https://registry.yarnpkg.com/bitrate/-/bitrate-1.0.4.tgz#2f916b06744e52a915be309693ec7fa8e8dede97"

colors@^1.2.1:
  version "1.2.1"
  resolved "https://registry.yarnpkg.com/colors/-/colors-1.2.1.tgz#f4a3d302976aaf042356ba1ade3b1a2c62d9d794"

moment@^2.22.0:
  version "2.22.0"
  resolved "https://registry.yarnpkg.com/moment/-/moment-2.22.0.tgz#7921ade01017dd45186e7fee5f424f0b8663a730"

pretty-bytes@^4.0.2:
  version "4.0.2"
  resolved "https://registry.yarnpkg.com/pretty-bytes/-/pretty-bytes-4.0.2.tgz#b2bf82e7350d65c6c33aa95aaa5a4f6327f61cd9"

tail@^1.2.3:
  version "1.2.3"
  resolved "https://registry.yarnpkg.com/tail/-/tail-1.2.3.tgz#b08d6fa79fb928869631a341a51c14497c1c4255"
